
Microsoft Visual Studio Solution File, Format Version 12.00
# Visual Studio Version 17
VisualStudioVersion = 17.2.32630.192
MinimumVisualStudioVersion = 10.0.40219.1
Project("{FAE04EC0-301F-11D3-BF4B-00C04F79EFBC}") = "ProteinApi", "ProteinApi\ProteinApi.csproj", "{63B8389B-E75A-431C-BFE4-F53D6639E730}"
EndProject
Project("{FAE04EC0-301F-11D3-BF4B-00C04F79EFBC}") = "ProteinApi.Base", "ProteinApi.Base\ProteinApi.Base.csproj", "{341E39D4-F387-4B48-8A54-E619F4FEF079}"
EndProject
Project("{FAE04EC0-301F-11D3-BF4B-00C04F79EFBC}") = "ProteinApi.Data", "ProteinApi.Data\ProteinApi.Data.csproj", "{1405750D-D036-4029-B351-D426FAC7E228}"
EndProject
Project("{FAE04EC0-301F-11D3-BF4B-00C04F79EFBC}") = "ProteinApi.Dto", "ProteinApi.Dto\ProteinApi.Dto.csproj", "{D050CB1C-A25B-47A9-9C84-534EABE4DF97}"
EndProject
Project("{FAE04EC0-301F-11D3-BF4B-00C04F79EFBC}") = "ProteinApi.Service", "ProteinApi.Service\ProteinApi.Service.csproj", "{2336CB39-E3B9-4A79-A36C-2071EC8DC688}"
EndProject
Global
	GlobalSection(SolutionConfigurationPlatforms) = preSolution
		Debug|Any CPU = Debug|Any CPU
		Release|Any CPU = Release|Any CPU
	EndGlobalSection
	GlobalSection(ProjectConfigurationPlatforms) = postSolution
		{63B8389B-E75A-431C-BFE4-F53D6639E730}.Debug|Any CPU.ActiveCfg = Debug|Any CPU
		{63B8389B-E75A-431C-BFE4-F53D6639E730}.Debug|Any CPU.Build.0 = Debug|Any CPU
		{63B8389B-E75A-431C-BFE4-F53D6639E730}.Release|Any CPU.ActiveCfg = Release|Any CPU
		{63B8389B-E75A-431C-BFE4-F53D6639E730}.Release|Any CPU.Build.0 = Release|Any CPU
		{341E39D4-F387-4B48-8A54-E619F4FEF079}.Debug|Any CPU.ActiveCfg = Debug|Any CPU
		{341E39D4-F387-4B48-8A54-E619F4FEF079}.Debug|Any CPU.Build.0 = Debug|Any CPU
		{341E39D4-F387-4B48-8A54-E619F4FEF079}.Release|Any CPU.ActiveCfg = Release|Any CPU
		{341E39D4-F387-4B48-8A54-E619F4FEF079}.Release|Any CPU.Build.0 = Release|Any CPU
		{1405750D-D036-4029-B351-D426FAC7E228}.Debug|Any CPU.ActiveCfg = Debug|Any CPU
		{1405750D-D036-4029-B351-D426FAC7E228}.Debug|Any CPU.Build.0 = Debug|Any CPU
		{1405750D-D036-4029-B351-D426FAC7E228}.Release|Any CPU.ActiveCfg = Release|Any CPU
		{1405750D-D036-4029-B351-D426FAC7E228}.Release|Any CPU.Build.0 = Release|Any CPU
		{D050CB1C-A25B-47A9-9C84-534EABE4DF97}.Debug|Any CPU.ActiveCfg = Debug|Any CPU
		{D050CB1C-A25B-47A9-9C84-534EABE4DF97}.Debug|Any CPU.Build.0 = Debug|Any CPU
		{D050CB1C-A25B-47A9-9C84-534EABE4DF97}.Release|Any CPU.ActiveCfg = Release|Any CPU
		{D050CB1C-A25B-47A9-9C84-534EABE4DF97}.Release|Any CPU.Build.0 = Release|Any CPU
		{2336CB39-E3B9-4A79-A36C-2071EC8DC688}.Debug|Any CPU.ActiveCfg = Debug|Any CPU
		{2336CB39-E3B9-4A79-A36C-2071EC8DC688}.Debug|Any CPU.Build.0 = Debug|Any CPU
		{2336CB39-E3B9-4A79-A36C-2071EC8DC688}.Release|Any CPU.ActiveCfg = Release|Any CPU
		{2336CB39-E3B9-4A79-A36C-2071EC8DC688}.Release|Any CPU.Build.0 = Release|Any CPU
	EndGlobalSection
	GlobalSection(SolutionProperties) = preSolution
		HideSolutionNode = FALSE
	EndGlobalSection
	GlobalSection(ExtensibilityGlobals) = postSolution
		SolutionGuid = {011134D6-4466-4748-B505-CD60AF08DC3D}
	EndGlobalSection
EndGlobal
